
Microsoft Visual Studio Solution File, Format Version 12.00
# Visual Studio Version 17
VisualStudioVersion = 17.3.32929.385
MinimumVisualStudioVersion = 10.0.40219.1
Project("{9A19103F-16F7-4668-BE54-9A1E7A4F7556}") = "PointOfSale.Api", "src\PointOfSale.Api\PointOfSale.Api.csproj", "{F92FC561-5BD1-4A04-B58C-E995B9F4A5C3}"
EndProject
Project("{2150E333-8FDC-42A3-9474-1A3956D46DE8}") = "BuildingBlocks", "BuildingBlocks", "{07CDD21A-C98E-4C33-AACF-0C961FCCA697}"
EndProject
Project("{2150E333-8FDC-42A3-9474-1A3956D46DE8}") = "PointOfSale", "PointOfSale", "{393766CB-C435-42B0-A161-1B2DBCA6CA68}"
EndProject
Project("{9A19103F-16F7-4668-BE54-9A1E7A4F7556}") = "PointOfSale.Core", "src\PointOfSale.Core\PointOfSale.Core.csproj", "{CAA51210-1D77-488C-8FF0-A63F80B490D6}"
EndProject
Project("{9A19103F-16F7-4668-BE54-9A1E7A4F7556}") = "PointOfSale.App", "src\PointOfSale.App\PointOfSale.App.csproj", "{5C0A831C-443C-4EAF-8AD5-0D92471690A8}"
EndProject
Project("{9A19103F-16F7-4668-BE54-9A1E7A4F7556}") = "PointOfSale.Infra", "src\PointOfSale.Infra\PointOfSale.Infra.csproj", "{38BC2DDE-65CE-4327-A213-F6FB139D0F4F}"
EndProject
Project("{9A19103F-16F7-4668-BE54-9A1E7A4F7556}") = "PointOfSale.BuildingBlocks", "PointOfSale.BuildingBlocks\PointOfSale.BuildingBlocks.csproj", "{5957C4A6-A46F-487B-8187-4F57B9A49AA1}"
EndProject
Project("{2150E333-8FDC-42A3-9474-1A3956D46DE8}") = "Solution Items", "Solution Items", "{FECDB56E-FE5E-4959-980E-DB24D07BCCE2}"
	ProjectSection(SolutionItems) = preProject
		README.md = README.md
	EndProjectSection
EndProject
Global
	GlobalSection(SolutionConfigurationPlatforms) = preSolution
		Debug|Any CPU = Debug|Any CPU
		Release|Any CPU = Release|Any CPU
	EndGlobalSection
	GlobalSection(ProjectConfigurationPlatforms) = postSolution
		{F92FC561-5BD1-4A04-B58C-E995B9F4A5C3}.Debug|Any CPU.ActiveCfg = Debug|Any CPU
		{F92FC561-5BD1-4A04-B58C-E995B9F4A5C3}.Debug|Any CPU.Build.0 = Debug|Any CPU
		{F92FC561-5BD1-4A04-B58C-E995B9F4A5C3}.Release|Any CPU.ActiveCfg = Release|Any CPU
		{F92FC561-5BD1-4A04-B58C-E995B9F4A5C3}.Release|Any CPU.Build.0 = Release|Any CPU
		{CAA51210-1D77-488C-8FF0-A63F80B490D6}.Debug|Any CPU.ActiveCfg = Debug|Any CPU
		{CAA51210-1D77-488C-8FF0-A63F80B490D6}.Debug|Any CPU.Build.0 = Debug|Any CPU
		{CAA51210-1D77-488C-8FF0-A63F80B490D6}.Release|Any CPU.ActiveCfg = Release|Any CPU
		{CAA51210-1D77-488C-8FF0-A63F80B490D6}.Release|Any CPU.Build.0 = Release|Any CPU
		{5C0A831C-443C-4EAF-8AD5-0D92471690A8}.Debug|Any CPU.ActiveCfg = Debug|Any CPU
		{5C0A831C-443C-4EAF-8AD5-0D92471690A8}.Debug|Any CPU.Build.0 = Debug|Any CPU
		{5C0A831C-443C-4EAF-8AD5-0D92471690A8}.Release|Any CPU.ActiveCfg = Release|Any CPU
		{5C0A831C-443C-4EAF-8AD5-0D92471690A8}.Release|Any CPU.Build.0 = Release|Any CPU
		{38BC2DDE-65CE-4327-A213-F6FB139D0F4F}.Debug|Any CPU.ActiveCfg = Debug|Any CPU
		{38BC2DDE-65CE-4327-A213-F6FB139D0F4F}.Debug|Any CPU.Build.0 = Debug|Any CPU
		{38BC2DDE-65CE-4327-A213-F6FB139D0F4F}.Release|Any CPU.ActiveCfg = Release|Any CPU
		{38BC2DDE-65CE-4327-A213-F6FB139D0F4F}.Release|Any CPU.Build.0 = Release|Any CPU
		{5957C4A6-A46F-487B-8187-4F57B9A49AA1}.Debug|Any CPU.ActiveCfg = Debug|Any CPU
		{5957C4A6-A46F-487B-8187-4F57B9A49AA1}.Debug|Any CPU.Build.0 = Debug|Any CPU
		{5957C4A6-A46F-487B-8187-4F57B9A49AA1}.Release|Any CPU.ActiveCfg = Release|Any CPU
		{5957C4A6-A46F-487B-8187-4F57B9A49AA1}.Release|Any CPU.Build.0 = Release|Any CPU
	EndGlobalSection
	GlobalSection(SolutionProperties) = preSolution
		HideSolutionNode = FALSE
	EndGlobalSection
	GlobalSection(NestedProjects) = preSolution
		{F92FC561-5BD1-4A04-B58C-E995B9F4A5C3} = {393766CB-C435-42B0-A161-1B2DBCA6CA68}
		{CAA51210-1D77-488C-8FF0-A63F80B490D6} = {393766CB-C435-42B0-A161-1B2DBCA6CA68}
		{5C0A831C-443C-4EAF-8AD5-0D92471690A8} = {393766CB-C435-42B0-A161-1B2DBCA6CA68}
		{38BC2DDE-65CE-4327-A213-F6FB139D0F4F} = {393766CB-C435-42B0-A161-1B2DBCA6CA68}
		{5957C4A6-A46F-487B-8187-4F57B9A49AA1} = {07CDD21A-C98E-4C33-AACF-0C961FCCA697}
	EndGlobalSection
	GlobalSection(ExtensibilityGlobals) = postSolution
		SolutionGuid = {E64024C7-F536-4336-A423-735B5109E0D1}
	EndGlobalSection
EndGlobal
